{
  "name": "birthDay",
  "lockfileVersion": 3,
  "requires": true,
  "packages": {
    "": {
      "dependencies": {
        "css-doodle": "^0.38.4"
      }
    },
    "node_modules/css-doodle": {
      "version": "0.38.4",
      "resolved": "https://registry.npmjs.org/css-doodle/-/css-doodle-0.38.4.tgz",
      "integrity": "sha512-KM8lhXst5eOWXlF7GcFEe3ll9PpDnXHIrJ1bgAmvDoaE5B2AdVWJviOqr2sSo8qPa1zD1JDXe3rLWU6X1sz6CA==",
      "funding": {
        "type": "opencollective",
        "url": "https://opencollective.com/css-doodle"
      }
    }
  }
}
